// !$*UTF8*$!
{
	archiveVersion = 1;
	classes = {
	};
	objectVersion = 55;
	objects = {

/* Begin PBXBuildFile section */
		1320B5C9075213F56DDE1727 /* Pods_To_Do__Realm.framework in Frameworks */ = {isa = PBXBuildFile; fileRef = 9D094EB71C73D4A20CE7AEE2 /* Pods_To_Do__Realm.framework */; };
		B2D5263F290069A700D263CF /* AppDelegate.swift in Sources */ = {isa = PBXBuildFile; fileRef = B2D5263E290069A700D263CF /* AppDelegate.swift */; };
		B2D52641290069A700D263CF /* SceneDelegate.swift in Sources */ = {isa = PBXBuildFile; fileRef = B2D52640290069A700D263CF /* SceneDelegate.swift */; };
		B2D52643290069A700D263CF /* ViewController.swift in Sources */ = {isa = PBXBuildFile; fileRef = B2D52642290069A700D263CF /* ViewController.swift */; };
		B2D52646290069A700D263CF /* Main.storyboard in Resources */ = {isa = PBXBuildFile; fileRef = B2D52644290069A700D263CF /* Main.storyboard */; };
		B2D52648290069A900D263CF /* Assets.xcassets in Resources */ = {isa = PBXBuildFile; fileRef = B2D52647290069A900D263CF /* Assets.xcassets */; };
		B2D5264B290069A900D263CF /* LaunchScreen.storyboard in Resources */ = {isa = PBXBuildFile; fileRef = B2D52649290069A900D263CF /* LaunchScreen.storyboard */; };
		B2D5265929006E9F00D263CF /* CellTableViewCell.swift in Sources */ = {isa = PBXBuildFile; fileRef = B2D5265729006E9F00D263CF /* CellTableViewCell.swift */; };
		B2D5265A29006E9F00D263CF /* CellTableViewCell.xib in Resources */ = {isa = PBXBuildFile; fileRef = B2D5265829006E9F00D263CF /* CellTableViewCell.xib */; };
		B2D5265C2900775800D263CF /* AddTaskViewController.swift in Sources */ = {isa = PBXBuildFile; fileRef = B2D5265B2900775800D263CF /* AddTaskViewController.swift */; };
		B2D5265E2900785B00D263CF /* Task.swift in Sources */ = {isa = PBXBuildFile; fileRef = B2D5265D2900785B00D263CF /* Task.swift */; };
/* End PBXBuildFile section */

/* Begin PBXFileReference section */
		28893DD003176FBDBF5ECE26 /* Pods-To-Do  Realm.debug.xcconfig */ = {isa = PBXFileReference; includeInIndex = 1; lastKnownFileType = text.xcconfig; name = "Pods-To-Do  Realm.debug.xcconfig"; path = "Target Support Files/Pods-To-Do  Realm/Pods-To-Do  Realm.debug.xcconfig"; sourceTree = "<group>"; };
		67BEE805A130D515C29A3F2D /* Pods-To-Do  Realm.release.xcconfig */ = {isa = PBXFileReference; includeInIndex = 1; lastKnownFileType = text.xcconfig; name = "Pods-To-Do  Realm.release.xcconfig"; path = "Target Support Files/Pods-To-Do  Realm/Pods-To-Do  Realm.release.xcconfig"; sourceTree = "<group>"; };
		9D094EB71C73D4A20CE7AEE2 /* Pods_To_Do__Realm.framework */ = {isa = PBXFileReference; explicitFileType = wrapper.framework; includeInIndex = 0; path = Pods_To_Do__Realm.framework; sourceTree = BUILT_PRODUCTS_DIR; };
		B2D5263B290069A700D263CF /* To-Do  Realm.app */ = {isa = PBXFileReference; explicitFileType = wrapper.application; includeInIndex = 0; path = "To-Do  Realm.app"; sourceTree = BUILT_PRODUCTS_DIR; };
		B2D5263E290069A700D263CF /* AppDelegate.swift */ = {isa = PBXFileReference; lastKnownFileType = sourcecode.swift; path = AppDelegate.swift; sourceTree = "<group>"; };
		B2D52640290069A700D263CF /* SceneDelegate.swift */ = {isa = PBXFileReference; lastKnownFileType = sourcecode.swift; path = SceneDelegate.swift; sourceTree = "<group>"; };
		B2D52642290069A700D263CF /* ViewController.swift */ = {isa = PBXFileReference; lastKnownFileType = sourcecode.swift; path = ViewController.swift; sourceTree = "<group>"; };
		B2D52645290069A700D263CF /* Base */ = {isa = PBXFileReference; lastKnownFileType = file.storyboard; name = Base; path = Base.lproj/Main.storyboard; sourceTree = "<group>"; };
		B2D52647290069A900D263CF /* Assets.xcassets */ = {isa = PBXFileReference; lastKnownFileType = folder.assetcatalog; path = Assets.xcassets; sourceTree = "<group>"; };
		B2D5264A290069A900D263CF /* Base */ = {isa = PBXFileReference; lastKnownFileType = file.storyboard; name = Base; path = Base.lproj/LaunchScreen.storyboard; sourceTree = "<group>"; };
		B2D5264C290069A900D263CF /* Info.plist */ = {isa = PBXFileReference; lastKnownFileType = text.plist.xml; path = Info.plist; sourceTree = "<group>"; };
		B2D5265729006E9F00D263CF /* CellTableViewCell.swift */ = {isa = PBXFileReference; lastKnownFileType = sourcecode.swift; path = CellTableViewCell.swift; sourceTree = "<group>"; };
		B2D5265829006E9F00D263CF /* CellTableViewCell.xib */ = {isa = PBXFileReference; lastKnownFileType = file.xib; path = CellTableViewCell.xib; sourceTree = "<group>"; };
		B2D5265B2900775800D263CF /* AddTaskViewController.swift */ = {isa = PBXFileReference; lastKnownFileType = sourcecode.swift; path = AddTaskViewController.swift; sourceTree = "<group>"; };
		B2D5265D2900785B00D263CF /* Task.swift */ = {isa = PBXFileReference; lastKnownFileType = sourcecode.swift; path = Task.swift; sourceTree = "<group>"; };
/* End PBXFileReference section */

/* Begin PBXFrameworksBuildPhase section */
		B2D52638290069A700D263CF /* Frameworks */ = {
			isa = PBXFrameworksBuildPhase;
			buildActionMask = 2147483647;
			files = (
				1320B5C9075213F56DDE1727 /* Pods_To_Do__Realm.framework in Frameworks */,
			);
			runOnlyForDeploymentPostprocessing = 0;
		};
/* End PBXFrameworksBuildPhase section */

/* Begin PBXGroup section */
		1A971C28C86A45BDBFDF00A8 /* Frameworks */ = {
			isa = PBXGroup;
			children = (
				9D094EB71C73D4A20CE7AEE2 /* Pods_To_Do__Realm.framework */,
			);
			name = Frameworks;
			sourceTree = "<group>";
		};
		37505D30FE4AB3FE94AFA1D0 /* Pods */ = {
			isa = PBXGroup;
			children = (
				28893DD003176FBDBF5ECE26 /* Pods-To-Do  Realm.debug.xcconfig */,
				67BEE805A130D515C29A3F2D /* Pods-To-Do  Realm.release.xcconfig */,
			);
			name = Pods;
			path = Pods;
			sourceTree = "<group>";
		};
		B2D52632290069A700D263CF = {
			isa = PBXGroup;
			children = (
				B2D5263D290069A700D263CF /* To-Do  Realm */,
				B2D5263C290069A700D263CF /* Products */,
				37505D30FE4AB3FE94AFA1D0 /* Pods */,
				1A971C28C86A45BDBFDF00A8 /* Frameworks */,
			);
			sourceTree = "<group>";
		};
		B2D5263C290069A700D263CF /* Products */ = {
			isa = PBXGroup;
			children = (
				B2D5263B290069A700D263CF /* To-Do  Realm.app */,
			);
			name = Products;
			sourceTree = "<group>";
		};
		B2D5263D290069A700D263CF /* To-Do  Realm */ = {
			isa = PBXGroup;
			children = (
				B2D5265629006A5E00D263CF /* Models */,
				B2D5265529006A5500D263CF /* Cells */,
				B2D5265329006A2F00D263CF /* Controllers */,
				B2D52652290069F400D263CF /* Services */,
				B2D5263E290069A700D263CF /* AppDelegate.swift */,
				B2D52640290069A700D263CF /* SceneDelegate.swift */,
				B2D52644290069A700D263CF /* Main.storyboard */,
				B2D52647290069A900D263CF /* Assets.xcassets */,
				B2D52649290069A900D263CF /* LaunchScreen.storyboard */,
				B2D5264C290069A900D263CF /* Info.plist */,
			);
			path = "To-Do  Realm";
			sourceTree = "<group>";
		};
		B2D52652290069F400D263CF /* Services */ = {
			isa = PBXGroup;
			children = (
			);
			path = Services;
			sourceTree = "<group>";
		};
		B2D5265329006A2F00D263CF /* Controllers */ = {
			isa = PBXGroup;
			children = (
				B2D52642290069A700D263CF /* ViewController.swift */,
				B2D5265B2900775800D263CF /* AddTaskViewController.swift */,
			);
			path = Controllers;
			sourceTree = "<group>";
		};
		B2D5265529006A5500D263CF /* Cells */ = {
			isa = PBXGroup;
			children = (
				B2D5265729006E9F00D263CF /* CellTableViewCell.swift */,
				B2D5265829006E9F00D263CF /* CellTableViewCell.xib */,
			);
			path = Cells;
			sourceTree = "<group>";
		};
		B2D5265629006A5E00D263CF /* Models */ = {
			isa = PBXGroup;
			children = (
				B2D5265D2900785B00D263CF /* Task.swift */,
			);
			path = Models;
			sourceTree = "<group>";
		};
/* End PBXGroup section */

/* Begin PBXNativeTarget section */
		B2D5263A290069A700D263CF /* To-Do  Realm */ = {
			isa = PBXNativeTarget;
			buildConfigurationList = B2D5264F290069A900D263CF /* Build configuration list for PBXNativeTarget "To-Do  Realm" */;
			buildPhases = (
				9A7806A0174E9FD0EF09ED12 /* [CP] Check Pods Manifest.lock */,
				B2D52637290069A700D263CF /* Sources */,
				B2D52638290069A700D263CF /* Frameworks */,
				B2D52639290069A700D263CF /* Resources */,
				22C97FC90CEFCAB2C3C2912C /* [CP] Embed Pods Frameworks */,
			);
			buildRules = (
			);
			dependencies = (
			);
			name = "To-Do  Realm";
			productName = "To-Do  Realm";
			productReference = B2D5263B290069A700D263CF /* To-Do  Realm.app */;
			productType = "com.apple.product-type.application";
		};
/* End PBXNativeTarget section */

/* Begin PBXProject section */
		B2D52633290069A700D263CF /* Project object */ = {
			isa = PBXProject;
			attributes = {
				BuildIndependentTargetsInParallel = 1;
				LastSwiftUpdateCheck = 1340;
				LastUpgradeCheck = 1340;
				TargetAttributes = {
					B2D5263A290069A700D263CF = {
						CreatedOnToolsVersion = 13.4.1;
					};
				};
			};
			buildConfigurationList = B2D52636290069A700D263CF /* Build configuration list for PBXProject "To-Do  Realm" */;
			compatibilityVersion = "Xcode 13.0";
			developmentRegion = en;
			hasScannedForEncodings = 0;
			knownRegions = (
				en,
				Base,
			);
			mainGroup = B2D52632290069A700D263CF;
			productRefGroup = B2D5263C290069A700D263CF /* Products */;
			projectDirPath = "";
			projectRoot = "";
			targets = (
				B2D5263A290069A700D263CF /* To-Do  Realm */,
			);
		};
/* End PBXProject section */

/* Begin PBXResourcesBuildPhase section */
		B2D52639290069A700D263CF /* Resources */ = {
			isa = PBXResourcesBuildPhase;
			buildActionMask = 2147483647;
			files = (
				B2D5264B290069A900D263CF /* LaunchScreen.storyboard in Resources */,
				B2D5265A29006E9F00D263CF /* CellTableViewCell.xib in Resources */,
				B2D52648290069A900D263CF /* Assets.xcassets in Resources */,
				B2D52646290069A700D263CF /* Main.storyboard in Resources */,
			);
			runOnlyForDeploymentPostprocessing = 0;
		};
/* End PBXResourcesBuildPhase section */

/* Begin PBXShellScriptBuildPhase section */
		22C97FC90CEFCAB2C3C2912C /* [CP] Embed Pods Frameworks */ = {
			isa = PBXShellScriptBuildPhase;
			buildActionMask = 2147483647;
			files = (
			);
			inputFileListPaths = (
				"${PODS_ROOT}/Target Support Files/Pods-To-Do  Realm/Pods-To-Do  Realm-frameworks-${CONFIGURATION}-input-files.xcfilelist",
			);
			name = "[CP] Embed Pods Frameworks";
			outputFileListPaths = (
				"${PODS_ROOT}/Target Support Files/Pods-To-Do  Realm/Pods-To-Do  Realm-frameworks-${CONFIGURATION}-output-files.xcfilelist",
			);
			runOnlyForDeploymentPostprocessing = 0;
			shellPath = /bin/sh;
			shellScript = "\"${PODS_ROOT}/Target Support Files/Pods-To-Do  Realm/Pods-To-Do  Realm-frameworks.sh\"\n";
			showEnvVarsInLog = 0;
		};
		9A7806A0174E9FD0EF09ED12 /* [CP] Check Pods Manifest.lock */ = {
			isa = PBXShellScriptBuildPhase;
			buildActionMask = 2147483647;
			files = (
			);
			inputFileListPaths = (
			);
			inputPaths = (
				"${PODS_PODFILE_DIR_PATH}/Podfile.lock",
				"${PODS_ROOT}/Manifest.lock",
			);
			name = "[CP] Check Pods Manifest.lock";
			outputFileListPaths = (
			);
			outputPaths = (
				"$(DERIVED_FILE_DIR)/Pods-To-Do  Realm-checkManifestLockResult.txt",
			);
			runOnlyForDeploymentPostprocessing = 0;
			shellPath = /bin/sh;
			shellScript = "diff \"${PODS_PODFILE_DIR_PATH}/Podfile.lock\" \"${PODS_ROOT}/Manifest.lock\" > /dev/null\nif [ $? != 0 ] ; then\n    # print error to STDERR\n    echo \"error: The sandbox is not in sync with the Podfile.lock. Run 'pod install' or update your CocoaPods installation.\" >&2\n    exit 1\nfi\n# This output is used by Xcode 'outputs' to avoid re-running this script phase.\necho \"SUCCESS\" > \"${SCRIPT_OUTPUT_FILE_0}\"\n";
			showEnvVarsInLog = 0;
		};
/* End PBXShellScriptBuildPhase section */

/* Begin PBXSourcesBuildPhase section */
		B2D52637290069A700D263CF /* Sources */ = {
			isa = PBXSourcesBuildPhase;
			buildActionMask = 2147483647;
			files = (
				B2D52643290069A700D263CF /* ViewController.swift in Sources */,
				B2D5265929006E9F00D263CF /* CellTableViewCell.swift in Sources */,
				B2D5263F290069A700D263CF /* AppDelegate.swift in Sources */,
				B2D52641290069A700D263CF /* SceneDelegate.swift in Sources */,
				B2D5265E2900785B00D263CF /* Task.swift in Sources */,
				B2D5265C2900775800D263CF /* AddTaskViewController.swift in Sources */,
			);
			runOnlyForDeploymentPostprocessing = 0;
		};
/* End PBXSourcesBuildPhase section */

/* Begin PBXVariantGroup section */
		B2D52644290069A700D263CF /* Main.storyboard */ = {
			isa = PBXVariantGroup;
			children = (
				B2D52645290069A700D263CF /* Base */,
			);
			name = Main.storyboard;
			sourceTree = "<group>";
		};
		B2D52649290069A900D263CF /* LaunchScreen.storyboard */ = {
			isa = PBXVariantGroup;
			children = (
				B2D5264A290069A900D263CF /* Base */,
			);
			name = LaunchScreen.storyboard;
			sourceTree = "<group>";
		};
/* End PBXVariantGroup section */

/* Begin XCBuildConfiguration section */
		B2D5264D290069A900D263CF /* Debug */ = {
			isa = XCBuildConfiguration;
			buildSettings = {
				ALWAYS_SEARCH_USER_PATHS = NO;
				CLANG_ANALYZER_NONNULL = YES;
				CLANG_ANALYZER_NUMBER_OBJECT_CONVERSION = YES_AGGRESSIVE;
				CLANG_CXX_LANGUAGE_STANDARD = "gnu++17";
				CLANG_ENABLE_MODULES = YES;
				CLANG_ENABLE_OBJC_ARC = YES;
				CLANG_ENABLE_OBJC_WEAK = YES;
				CLANG_WARN_BLOCK_CAPTURE_AUTORELEASING = YES;
				CLANG_WARN_BOOL_CONVERSION = YES;
				CLANG_WARN_COMMA = YES;
				CLANG_WARN_CONSTANT_CONVERSION = YES;
				CLANG_WARN_DEPRECATED_OBJC_IMPLEMENTATIONS = YES;
				CLANG_WARN_DIRECT_OBJC_ISA_USAGE = YES_ERROR;
				CLANG_WARN_DOCUMENTATION_COMMENTS = YES;
				CLANG_WARN_EMPTY_BODY = YES;
				CLANG_WARN_ENUM_CONVERSION = YES;
				CLANG_WARN_INFINITE_RECURSION = YES;
				CLANG_WARN_INT_CONVERSION = YES;
				CLANG_WARN_NON_LITERAL_NULL_CONVERSION = YES;
				CLANG_WARN_OBJC_IMPLICIT_RETAIN_SELF = YES;
				CLANG_WARN_OBJC_LITERAL_CONVERSION = YES;
				CLANG_WARN_OBJC_ROOT_CLASS = YES_ERROR;
				CLANG_WARN_QUOTED_INCLUDE_IN_FRAMEWORK_HEADER = YES;
				CLANG_WARN_RANGE_LOOP_ANALYSIS = YES;
				CLANG_WARN_STRICT_PROTOTYPES = YES;
				CLANG_WARN_SUSPICIOUS_MOVE = YES;
				CLANG_WARN_UNGUARDED_AVAILABILITY = YES_AGGRESSIVE;
				CLANG_WARN_UNREACHABLE_CODE = YES;
				CLANG_WARN__DUPLICATE_METHOD_MATCH = YES;
				COPY_PHASE_STRIP = NO;
				DEBUG_INFORMATION_FORMAT = dwarf;
				ENABLE_STRICT_OBJC_MSGSEND = YES;
				ENABLE_TESTABILITY = YES;
				GCC_C_LANGUAGE_STANDARD = gnu11;
				GCC_DYNAMIC_NO_PIC = NO;
				GCC_NO_COMMON_BLOCKS = YES;
				GCC_OPTIMIZATION_LEVEL = 0;
				GCC_PREPROCESSOR_DEFINITIONS = (
					"DEBUG=1",
					"$(inherited)",
				);
				GCC_WARN_64_TO_32_BIT_CONVERSION = YES;
				GCC_WARN_ABOUT_RETURN_TYPE = YES_ERROR;
				GCC_WARN_UNDECLARED_SELECTOR = YES;
				GCC_WARN_UNINITIALIZED_AUTOS = YES_AGGRESSIVE;
				GCC_WARN_UNUSED_FUNCTION = YES;
				GCC_WARN_UNUSED_VARIABLE = YES;
				IPHONEOS_DEPLOYMENT_TARGET = 15.5;
				MTL_ENABLE_DEBUG_INFO = INCLUDE_SOURCE;
				MTL_FAST_MATH = YES;
				ONLY_ACTIVE_ARCH = YES;
				SDKROOT = iphoneos;
				SWIFT_ACTIVE_COMPILATION_CONDITIONS = DEBUG;
				SWIFT_OPTIMIZATION_LEVEL = "-Onone";
			};
			name = Debug;
		};
		B2D5264E290069A900D263CF /* Release */ = {
			isa = XCBuildConfiguration;
			buildSettings = {
				ALWAYS_SEARCH_USER_PATHS = NO;
				CLANG_ANALYZER_NONNULL = YES;
				CLANG_ANALYZER_NUMBER_OBJECT_CONVERSION = YES_AGGRESSIVE;
				CLANG_CXX_LANGUAGE_STANDARD = "gnu++17";
				CLANG_ENABLE_MODULES = YES;
				CLANG_ENABLE_OBJC_ARC = YES;
				CLANG_ENABLE_OBJC_WEAK = YES;
				CLANG_WARN_BLOCK_CAPTURE_AUTORELEASING = YES;
				CLANG_WARN_BOOL_CONVERSION = YES;
				CLANG_WARN_COMMA = YES;
				CLANG_WARN_CONSTANT_CONVERSION = YES;
				CLANG_WARN_DEPRECATED_OBJC_IMPLEMENTATIONS = YES;
				CLANG_WARN_DIRECT_OBJC_ISA_USAGE = YES_ERROR;
				CLANG_WARN_DOCUMENTATION_COMMENTS = YES;
				CLANG_WARN_EMPTY_BODY = YES;
				CLANG_WARN_ENUM_CONVERSION = YES;
				CLANG_WARN_INFINITE_RECURSION = YES;
				CLANG_WARN_INT_CONVERSION = YES;
				CLANG_WARN_NON_LITERAL_NULL_CONVERSION = YES;
				CLANG_WARN_OBJC_IMPLICIT_RETAIN_SELF = YES;
				CLANG_WARN_OBJC_LITERAL_CONVERSION = YES;
				CLANG_WARN_OBJC_ROOT_CLASS = YES_ERROR;
				CLANG_WARN_QUOTED_INCLUDE_IN_FRAMEWORK_HEADER = YES;
				CLANG_WARN_RANGE_LOOP_ANALYSIS = YES;
				CLANG_WARN_STRICT_PROTOTYPES = YES;
				CLANG_WARN_SUSPICIOUS_MOVE = YES;
				CLANG_WARN_UNGUARDED_AVAILABILITY = YES_AGGRESSIVE;
				CLANG_WARN_UNREACHABLE_CODE = YES;
				CLANG_WARN__DUPLICATE_METHOD_MATCH = YES;
				COPY_PHASE_STRIP = NO;
				DEBUG_INFORMATION_FORMAT = "dwarf-with-dsym";
				ENABLE_NS_ASSERTIONS = NO;
				ENABLE_STRICT_OBJC_MSGSEND = YES;
				GCC_C_LANGUAGE_STANDARD = gnu11;
				GCC_NO_COMMON_BLOCKS = YES;
				GCC_WARN_64_TO_32_BIT_CONVERSION = YES;
				GCC_WARN_ABOUT_RETURN_TYPE = YES_ERROR;
				GCC_WARN_UNDECLARED_SELECTOR = YES;
				GCC_WARN_UNINITIALIZED_AUTOS = YES_AGGRESSIVE;
				GCC_WARN_UNUSED_FUNCTION = YES;
				GCC_WARN_UNUSED_VARIABLE = YES;
				IPHONEOS_DEPLOYMENT_TARGET = 15.5;
				MTL_ENABLE_DEBUG_INFO = NO;
				MTL_FAST_MATH = YES;
				SDKROOT = iphoneos;
				SWIFT_COMPILATION_MODE = wholemodule;
				SWIFT_OPTIMIZATION_LEVEL = "-O";
				VALIDATE_PRODUCT = YES;
			};
			name = Release;
		};
		B2D52650290069A900D263CF /* Debug */ = {
			isa = XCBuildConfiguration;
			baseConfigurationReference = 28893DD003176FBDBF5ECE26 /* Pods-To-Do  Realm.debug.xcconfig */;
			buildSettings = {
				ASSETCATALOG_COMPILER_APPICON_NAME = AppIcon;
				ASSETCATALOG_COMPILER_GLOBAL_ACCENT_COLOR_NAME = AccentColor;
				CODE_SIGN_STYLE = Automatic;
				CURRENT_PROJECT_VERSION = 1;
				DEVELOPMENT_TEAM = ZX855577Y9;
				GENERATE_INFOPLIST_FILE = YES;
				INFOPLIST_FILE = "To-Do  Realm/Info.plist";
				INFOPLIST_KEY_UIApplicationSupportsIndirectInputEvents = YES;
				INFOPLIST_KEY_UILaunchStoryboardName = LaunchScreen;
				INFOPLIST_KEY_UIMainStoryboardFile = Main;
				INFOPLIST_KEY_UISupportedInterfaceOrientations_iPad = "UIInterfaceOrientationPortrait UIInterfaceOrientationPortraitUpsideDown UIInterfaceOrientationLandscapeLeft UIInterfaceOrientationLandscapeRight";
				INFOPLIST_KEY_UISupportedInterfaceOrientations_iPhone = "UIInterfaceOrientationPortrait UIInterfaceOrientationLandscapeLeft UIInterfaceOrientationLandscapeRight";
				IPHONEOS_DEPLOYMENT_TARGET = 14.0;
				LD_RUNPATH_SEARCH_PATHS = (
					"$(inherited)",
					"@executable_path/Frameworks",
				);
				MARKETING_VERSION = 1.0;
				PRODUCT_BUNDLE_IDENTIFIER = "Yuliya.To-Do--Realm";
				PRODUCT_NAME = "$(TARGET_NAME)";
				SWIFT_EMIT_LOC_STRINGS = YES;
				SWIFT_VERSION = 5.0;
				TARGETED_DEVICE_FAMILY = "1,2";
			};
			name = Debug;
		};
		B2D52651290069A900D263CF /* Release */ = {
			isa = XCBuildConfiguration;
			baseConfigurationReference = 67BEE805A130D515C29A3F2D /* Pods-To-Do  Realm.release.xcconfig */;
			buildSettings = {
				ASSETCATALOG_COMPILER_APPICON_NAME = AppIcon;
				ASSETCATALOG_COMPILER_GLOBAL_ACCENT_COLOR_NAME = AccentColor;
				CODE_SIGN_STYLE = Automatic;
				CURRENT_PROJECT_VERSION = 1;
				DEVELOPMENT_TEAM = ZX855577Y9;
				GENERATE_INFOPLIST_FILE = YES;
				INFOPLIST_FILE = "To-Do  Realm/Info.plist";
				INFOPLIST_KEY_UIApplicationSupportsIndirectInputEvents = YES;
				INFOPLIST_KEY_UILaunchStoryboardName = LaunchScreen;
				INFOPLIST_KEY_UIMainStoryboardFile = Main;
				INFOPLIST_KEY_UISupportedInterfaceOrientations_iPad = "UIInterfaceOrientationPortrait UIInterfaceOrientationPortraitUpsideDown UIInterfaceOrientationLandscapeLeft UIInterfaceOrientationLandscapeRight";
				INFOPLIST_KEY_UISupportedInterfaceOrientations_iPhone = "UIInterfaceOrientationPortrait UIInterfaceOrientationLandscapeLeft UIInterfaceOrientationLandscapeRight";
				IPHONEOS_DEPLOYMENT_TARGET = 14.0;
				LD_RUNPATH_SEARCH_PATHS = (
					"$(inherited)",
					"@executable_path/Frameworks",
				);
				MARKETING_VERSION = 1.0;
				PRODUCT_BUNDLE_IDENTIFIER = "Yuliya.To-Do--Realm";
				PRODUCT_NAME = "$(TARGET_NAME)";
				SWIFT_EMIT_LOC_STRINGS = YES;
				SWIFT_VERSION = 5.0;
				TARGETED_DEVICE_FAMILY = "1,2";
			};
			name = Release;
		};
/* End XCBuildConfiguration section */

/* Begin XCConfigurationList section */
		B2D52636290069A700D263CF /* Build configuration list for PBXProject "To-Do  Realm" */ = {
			isa = XCConfigurationList;
			buildConfigurations = (
				B2D5264D290069A900D263CF /* Debug */,
				B2D5264E290069A900D263CF /* Release */,
			);
			defaultConfigurationIsVisible = 0;
			defaultConfigurationName = Release;
		};
		B2D5264F290069A900D263CF /* Build configuration list for PBXNativeTarget "To-Do  Realm" */ = {
			isa = XCConfigurationList;
			buildConfigurations = (
				B2D52650290069A900D263CF /* Debug */,
				B2D52651290069A900D263CF /* Release */,
			);
			defaultConfigurationIsVisible = 0;
			defaultConfigurationName = Release;
		};
/* End XCConfigurationList section */
	};
	rootObject = B2D52633290069A700D263CF /* Project object */;
}
